{
  "name": "telegram-inviter-worker",
  "version": "1.0.0",
  "lockfileVersion": 3,
  "requires": true,
  "packages": {
    "": {
      "name": "telegram-inviter-worker",
      "version": "1.0.0",
      "dependencies": {
        "@supabase/supabase-js": "^2.75.0",
        "telegram": "^2.26.22"
      },
      "devDependencies": {
        "@types/node": "^20.0.0",
        "ts-node": "^10.0.0",
        "typescript": "^5.0.0"
      },
      "engines": {
        "node": ">=18.0.0"
      }
    },
    "node_modules/@supabase/supabase-js": {
      "version": "2.75.0",
      "resolved": "https://registry.npmjs.org/@supabase/supabase-js/-/supabase-js-2.75.0.tgz",
      "integrity": "sha512-/JxRIyx9aB3FVOvp5JrR4x8J9aBsR3x4K5ZLdMD3NRwCHoAzv4q3VqS9hJQD9pAFBZqKQmqLPKhp5L8vVFCPZg==",
      "dependencies": {
        "@supabase/auth-js": "2.75.0",
        "@supabase/functions-js": "2.4.3",
        "@supabase/node-fetch": "2.6.15",
        "@supabase/postgrest-js": "1.16.5",
        "@supabase/realtime-js": "2.10.7",
        "@supabase/storage-js": "2.7.1"
      }
    },
    "node_modules/@supabase/auth-js": {
      "version": "2.75.0",
      "resolved": "https://registry.npmjs.org/@supabase/auth-js/-/auth-js-2.75.0.tgz",
      "integrity": "sha512-qKXCVq1NOGHEgFvG7qAs6mX7VFcGT5jN7N7L5LEP8rqP3vQx0VqB9dGkLzPEGPKQSHN8dKPECLqLKvP8/Jl7lw==",
      "dependencies": {
        "@supabase/node-fetch": "^2.6.14"
      }
    },
    "node_modules/@supabase/functions-js": {
      "version": "2.4.3",
      "resolved": "https://registry.npmjs.org/@supabase/functions-js/-/functions-js-2.4.3.tgz",
      "integrity": "sha512-sOLfLqHU6KKB1IPGTIJz8uGU9sM0yXLLrz5tOBEzH6IqBzJYHMqN1PCRc4pPwwMHdB9i1WzLXlCKJqMVKXqRzg==",
      "dependencies": {
        "@supabase/node-fetch": "^2.6.14"
      }
    },
    "node_modules/@supabase/node-fetch": {
      "version": "2.6.15",
      "resolved": "https://registry.npmjs.org/@supabase/node-fetch/-/node-fetch-2.6.15.tgz",
      "integrity": "sha512-1ibVeYUacxWYi9i0cf5efil6adJ9WRyZBLivgjs+AUpewx1F3xPi7gLgaASI2SmIQxPoCEjAsLAzKPgMJVgOUQ==",
      "dependencies": {
        "whatwg-url": "^5.0.0"
      },
      "engines": {
        "node": "4.x || >=6.0.0"
      }
    },
    "node_modules/@supabase/postgrest-js": {
      "version": "1.16.5",
      "resolved": "https://registry.npmjs.org/@supabase/postgrest-js/-/postgrest-js-1.16.5.tgz",
      "integrity": "sha512-Y4u9zLeblYlpO3YgKCj+1JN6iR6nrOr+I6mBQCnJRqGLh+JwfSz9QQdmqCu6TsJBP8W6bTvJiX8ssPq8lRpfgg==",
      "dependencies": {
        "@supabase/node-fetch": "^2.6.14"
      }
    },
    "node_modules/@supabase/realtime-js": {
      "version": "2.10.7",
      "resolved": "https://registry.npmjs.org/@supabase/realtime-js/-/realtime-js-2.10.7.tgz",
      "integrity": "sha512-v0IkWPXEaSDHhLg4wIH+GFIU/6YsfPb5uCN/oqgRvU1bGCGN/cHN2mOrBMBwYFJ8IlfjqfOy8Xb9xZDiG+KGUA==",
      "dependencies": {
        "@supabase/node-fetch": "^2.6.14",
        "@types/phoenix": "^1.6.4",
        "@types/ws": "^8.5.10",
        "ws": "^8.17.1"
      }
    },
    "node_modules/@supabase/storage-js": {
      "version": "2.7.1",
      "resolved": "https://registry.npmjs.org/@supabase/storage-js/-/storage-js-2.7.1.tgz",
      "integrity": "sha512-IBWgu835r+c6LJaewA7umBS+pp0M0fyIg3LxJhCz+3ujJVj4YHFjB9bTlpDPCkP+qJBpgzJUSfxR9LfIilP/OA==",
      "dependencies": {
        "@supabase/node-fetch": "^2.6.14"
      }
    },
    "node_modules/@types/node": {
      "version": "20.17.10",
      "resolved": "https://registry.npmjs.org/@types/node/-/node-20.17.10.tgz",
      "integrity": "sha512-/jrvh5h6NXhEH7qifCQcMbo1nx/ęv5UYZV6ewHwjznUBlE5qro6vJamWc3DDMweafsDIvmj/mbopBoy6V1898g==",
      "dev": true,
      "dependencies": {
        "undici-types": "~6.20.0"
      }
    },
    "node_modules/@types/phoenix": {
      "version": "1.6.5",
      "resolved": "https://registry.npmjs.org/@types/phoenix/-/phoenix-1.6.5.tgz",
      "integrity": "sha512-xegpDuR+z0UqG9fwHqNoy3rI7JDlvaPh2TY47Fl80oq6g+hXT+c/LEuE43X48clZ6lOfANl5WrPur9fYO1RJ/w=="
    },
    "node_modules/@types/ws": {
      "version": "8.5.13",
      "resolved": "https://registry.npmjs.org/@types/ws/-/ws-8.5.13.tgz",
      "integrity": "sha512-osM/gWBTPKgHV8XkTunnegTRIsvF6owmf5w+JtAfOw472dptdm0dlGv4xCt6GwQRcC2XVOvvRE/0bAoQcL2QkA==",
      "dependencies": {
        "@types/node": "*"
      }
    },
    "node_modules/telegram": {
      "version": "2.26.22",
      "resolved": "https://registry.npmjs.org/telegram/-/telegram-2.26.22.tgz",
      "integrity": "sha512-yGqRdh8xXjZYVHHLFwvnRUy/bCu7fFBuKtfvv3M5t0U3RLJt0RFJoT1H8H5qr8WQBPLn8jPk/O2mFf7fA8PSMw==",
      "dependencies": {
        "@grammyjs/conversations": "^1.2.0",
        "async-mutex": "^0.5.0",
        "big-integer": "^1.6.52",
        "buffer": "^6.0.3",
        "input": "^1.0.1",
        "pako": "^2.1.0",
        "real-cancellable-promise": "^1.2.0",
        "socks": "^2.8.3"
      },
      "engines": {
        "node": ">=14.0.0"
      }
    },
    "node_modules/ts-node": {
      "version": "10.9.2",
      "resolved": "https://registry.npmjs.org/ts-node/-/ts-node-10.9.2.tgz",
      "integrity": "sha512-f0FFpIdcHgn8zcPSbf1dRevwt047YMnaiJM3u2w2RewrB+fob/zePZcrOyQoLMMO7aBIddLcQIEK5dYjkLnGrQ==",
      "dev": true,
      "dependencies": {
        "@cspotcode/source-map-support": "^0.8.0",
        "@tsconfig/node10": "^1.0.7",
        "@tsconfig/node12": "^1.0.7",
        "@tsconfig/node14": "^1.0.0",
        "@tsconfig/node16": "^1.0.2",
        "@types/node": "*",
        "acorn": "^8.4.1",
        "acorn-walk": "^8.1.1",
        "arg": "^4.1.0",
        "create-require": "^1.1.0",
        "diff": "^4.0.1",
        "make-error": "^1.1.1",
        "v8-compile-cache-lib": "^3.0.1",
        "yn": "3.1.1"
      },
      "bin": {
        "ts-node": "dist/bin.js",
        "ts-node-cwd": "dist/bin-cwd.js",
        "ts-node-esm": "dist/bin-esm.js",
        "ts-node-script": "dist/bin-script.js",
        "ts-node-transpile-only": "dist/bin-transpile-only.js",
        "ts-script": "dist/bin-script-deprecated.js"
      },
      "peerDependencies": {
        "@swc/core": ">=1.2.50",
        "@swc/wasm": ">=1.2.50",
        "@types/node": "*",
        "typescript": ">=2.7"
      },
      "peerDependenciesMeta": {
        "@swc/core": {
          "optional": true
        },
        "@swc/wasm": {
          "optional": true
        }
      }
    },
    "node_modules/typescript": {
      "version": "5.7.3",
      "resolved": "https://registry.npmjs.org/typescript/-/typescript-5.7.3.tgz",
      "integrity": "sha512-84MVSjMEHP+FQRPy3pX9sTVV/INIex71s9TL2Gm5FG/WG1SqXeKyZ0k7wEM1eZUV/YH6xmnpoqzmP6ow67OinQ==",
      "dev": true,
      "bin": {
        "tsc": "bin/tsc",
        "tsserver": "bin/tsserver"
      },
      "engines": {
        "node": ">=14.17"
      }
    },
    "node_modules/undici-types": {
      "version": "6.20.0",
      "resolved": "https://registry.npmjs.org/undici-types/-/undici-types-6.20.0.tgz",
      "integrity": "sha512-Ny6QZ2Nju20vw1SRHe3d9jVu6gJ+4e3+MMpqu7pqE5HT6WsTSlce++GQmK5UXS8mzV8DSYHrQH+Xrf2jVcuKNg==",
      "dev": true
    },
    "node_modules/whatwg-url": {
      "version": "5.0.0",
      "resolved": "https://registry.npmjs.org/whatwg-url/-/whatwg-url-5.0.0.tgz",
      "integrity": "sha512-saE57nupxk6v3HY35+jzBwYa0rKSy0XR8JSxZPwgLr7ys0IBzhGviA1/TUGJLmSVqs8pb9AnvICXEuOHLprYTw==",
      "dependencies": {
        "tr46": "~0.0.3",
        "webidl-conversions": "^3.0.0"
      }
    },
    "node_modules/ws": {
      "version": "8.18.0",
      "resolved": "https://registry.npmjs.org/ws/-/ws-8.18.0.tgz",
      "integrity": "sha512-8VbfWfHLbbwu3+N6OKsOMpBdT4kXPDDB9cJk2bJ6mh9ucxdlnNvH1e+roYkKmN9Nxw2yjz7VzeO9oOz2zJ04Pw==",
      "engines": {
        "node": ">=10.0.0"
      },
      "peerDependencies": {
        "bufferutil": "^4.0.1",
        "utf-8-validate": ">=5.0.2"
      },
      "peerDependenciesMeta": {
        "bufferutil": {
          "optional": true
        },
        "utf-8-validate": {
          "optional": true
        }
      }
    }
  }
}
